
Microsoft Visual Studio Solution File, Format Version 12.00
# Visual Studio Version 17
VisualStudioVersion = 17.14.36202.13
MinimumVisualStudioVersion = 10.0.40219.1
Project("{FAE04EC0-301F-11D3-BF4B-00C04F79EFBC}") = "L.Bank.Accounts", "src\L.Bank.Accounts\L.Bank.Accounts.csproj", "{2B9C0765-C9AD-49BE-A0F1-0FF47DCB9BB8}"
EndProject
Project("{2150E333-8FDC-42A3-9474-1A3956D46DE8}") = "src", "src", "{36D591C7-65C7-A0D1-1CBC-10CDE441BDC8}"
EndProject
Project("{E53339B2-1760-4266-BCC7-CA923CBCF16C}") = "docker-compose", "docker-compose.dcproj", "{81DDED9D-158B-E303-5F62-77A2896D2A5A}"
EndProject
Project("{2150E333-8FDC-42A3-9474-1A3956D46DE8}") = "Элементы решения", "Элементы решения", "{754FC069-D67B-A9D7-50A1-8D1CA196D8F1}"
	ProjectSection(SolutionItems) = preProject
		rabbitmq-definitions.json = rabbitmq-definitions.json
		realm-export.json = realm-export.json
	EndProjectSection
EndProject
Project("{2150E333-8FDC-42A3-9474-1A3956D46DE8}") = "tests", "tests", "{5BB32044-A125-4CB0-A4EB-FFBE3A1D1FFA}"
EndProject
Project("{FAE04EC0-301F-11D3-BF4B-00C04F79EFBC}") = "L.Bank.Accounts.UnitTests", "..\L.Bank.Accounts.UnitTests\L.Bank.Accounts.UnitTests.csproj", "{1C8DF442-BB68-44EC-BDE1-CD16D5DD66EE}"
EndProject
Project("{FAE04EC0-301F-11D3-BF4B-00C04F79EFBC}") = "L.Bank.Accounts.IntegrationTests", "..\L.Bank.Accounts.IntegrationTests\L.Bank.Accounts.IntegrationTests.csproj", "{A7402EFE-3975-4E59-AA1C-55E86121A782}"
EndProject
Global
	GlobalSection(SolutionConfigurationPlatforms) = preSolution
		Debug|Any CPU = Debug|Any CPU
		Release|Any CPU = Release|Any CPU
	EndGlobalSection
	GlobalSection(ProjectConfigurationPlatforms) = postSolution
		{2B9C0765-C9AD-49BE-A0F1-0FF47DCB9BB8}.Debug|Any CPU.ActiveCfg = Debug|Any CPU
		{2B9C0765-C9AD-49BE-A0F1-0FF47DCB9BB8}.Debug|Any CPU.Build.0 = Debug|Any CPU
		{2B9C0765-C9AD-49BE-A0F1-0FF47DCB9BB8}.Release|Any CPU.ActiveCfg = Release|Any CPU
		{2B9C0765-C9AD-49BE-A0F1-0FF47DCB9BB8}.Release|Any CPU.Build.0 = Release|Any CPU
		{81DDED9D-158B-E303-5F62-77A2896D2A5A}.Debug|Any CPU.ActiveCfg = Debug|Any CPU
		{81DDED9D-158B-E303-5F62-77A2896D2A5A}.Debug|Any CPU.Build.0 = Debug|Any CPU
		{81DDED9D-158B-E303-5F62-77A2896D2A5A}.Release|Any CPU.ActiveCfg = Release|Any CPU
		{81DDED9D-158B-E303-5F62-77A2896D2A5A}.Release|Any CPU.Build.0 = Release|Any CPU
		{1C8DF442-BB68-44EC-BDE1-CD16D5DD66EE}.Debug|Any CPU.ActiveCfg = Debug|Any CPU
		{1C8DF442-BB68-44EC-BDE1-CD16D5DD66EE}.Debug|Any CPU.Build.0 = Debug|Any CPU
		{1C8DF442-BB68-44EC-BDE1-CD16D5DD66EE}.Release|Any CPU.ActiveCfg = Release|Any CPU
		{1C8DF442-BB68-44EC-BDE1-CD16D5DD66EE}.Release|Any CPU.Build.0 = Release|Any CPU
		{A7402EFE-3975-4E59-AA1C-55E86121A782}.Debug|Any CPU.ActiveCfg = Debug|Any CPU
		{A7402EFE-3975-4E59-AA1C-55E86121A782}.Debug|Any CPU.Build.0 = Debug|Any CPU
		{A7402EFE-3975-4E59-AA1C-55E86121A782}.Release|Any CPU.ActiveCfg = Release|Any CPU
		{A7402EFE-3975-4E59-AA1C-55E86121A782}.Release|Any CPU.Build.0 = Release|Any CPU
	EndGlobalSection
	GlobalSection(SolutionProperties) = preSolution
		HideSolutionNode = FALSE
	EndGlobalSection
	GlobalSection(NestedProjects) = preSolution
		{2B9C0765-C9AD-49BE-A0F1-0FF47DCB9BB8} = {36D591C7-65C7-A0D1-1CBC-10CDE441BDC8}
		{1C8DF442-BB68-44EC-BDE1-CD16D5DD66EE} = {5BB32044-A125-4CB0-A4EB-FFBE3A1D1FFA}
		{A7402EFE-3975-4E59-AA1C-55E86121A782} = {5BB32044-A125-4CB0-A4EB-FFBE3A1D1FFA}
	EndGlobalSection
	GlobalSection(ExtensibilityGlobals) = postSolution
		SolutionGuid = {35D5D542-43A7-46AB-955B-FE08E678905F}
	EndGlobalSection
EndGlobal
